// !$*UTF8*$!
{
	archiveVersion = 1;
	classes = {
	};
	objectVersion = 56;
	objects = {

/* Begin PBXBuildFile section */
		B698BCC129DB00DB0007AF1A /* AppDelegate.swift in Sources */ = {isa = PBXBuildFile; fileRef = B698BCC029DB00DB0007AF1A /* AppDelegate.swift */; };
		B698BCC329DB00DB0007AF1A /* SceneDelegate.swift in Sources */ = {isa = PBXBuildFile; fileRef = B698BCC229DB00DB0007AF1A /* SceneDelegate.swift */; };
		B698BCC529DB00DC0007AF1A /* ViewController.swift in Sources */ = {isa = PBXBuildFile; fileRef = B698BCC429DB00DB0007AF1A /* ViewController.swift */; };
		B698BCC829DB00DC0007AF1A /* Main.storyboard in Resources */ = {isa = PBXBuildFile; fileRef = B698BCC629DB00DC0007AF1A /* Main.storyboard */; };
		B698BCCA29DB00DD0007AF1A /* Assets.xcassets in Resources */ = {isa = PBXBuildFile; fileRef = B698BCC929DB00DD0007AF1A /* Assets.xcassets */; };
		B698BCCD29DB00DD0007AF1A /* LaunchScreen.storyboard in Resources */ = {isa = PBXBuildFile; fileRef = B698BCCB29DB00DD0007AF1A /* LaunchScreen.storyboard */; };
		B698BCD829DB00DD0007AF1A /* my_first_ios_appTests.swift in Sources */ = {isa = PBXBuildFile; fileRef = B698BCD729DB00DD0007AF1A /* my_first_ios_appTests.swift */; };
		B698BCE229DB00DD0007AF1A /* my_first_ios_appUITests.swift in Sources */ = {isa = PBXBuildFile; fileRef = B698BCE129DB00DD0007AF1A /* my_first_ios_appUITests.swift */; };
		B698BCE429DB00DD0007AF1A /* my_first_ios_appUITestsLaunchTests.swift in Sources */ = {isa = PBXBuildFile; fileRef = B698BCE329DB00DD0007AF1A /* my_first_ios_appUITestsLaunchTests.swift */; };
/* End PBXBuildFile section */

/* Begin PBXContainerItemProxy section */
		B698BCD429DB00DD0007AF1A /* PBXContainerItemProxy */ = {
			isa = PBXContainerItemProxy;
			containerPortal = B698BCB529DB00DB0007AF1A /* Project object */;
			proxyType = 1;
			remoteGlobalIDString = B698BCBC29DB00DB0007AF1A;
			remoteInfo = "my first ios app";
		};
		B698BCDE29DB00DD0007AF1A /* PBXContainerItemProxy */ = {
			isa = PBXContainerItemProxy;
			containerPortal = B698BCB529DB00DB0007AF1A /* Project object */;
			proxyType = 1;
			remoteGlobalIDString = B698BCBC29DB00DB0007AF1A;
			remoteInfo = "my first ios app";
		};
/* End PBXContainerItemProxy section */

/* Begin PBXFileReference section */
		B698BCBD29DB00DB0007AF1A /* my first ios app.app */ = {isa = PBXFileReference; explicitFileType = wrapper.application; includeInIndex = 0; path = "my first ios app.app"; sourceTree = BUILT_PRODUCTS_DIR; };
		B698BCC029DB00DB0007AF1A /* AppDelegate.swift */ = {isa = PBXFileReference; lastKnownFileType = sourcecode.swift; path = AppDelegate.swift; sourceTree = "<group>"; };
		B698BCC229DB00DB0007AF1A /* SceneDelegate.swift */ = {isa = PBXFileReference; lastKnownFileType = sourcecode.swift; path = SceneDelegate.swift; sourceTree = "<group>"; };
		B698BCC429DB00DB0007AF1A /* ViewController.swift */ = {isa = PBXFileReference; lastKnownFileType = sourcecode.swift; path = ViewController.swift; sourceTree = "<group>"; };
		B698BCC729DB00DC0007AF1A /* Base */ = {isa = PBXFileReference; lastKnownFileType = file.storyboard; name = Base; path = Base.lproj/Main.storyboard; sourceTree = "<group>"; };
		B698BCC929DB00DD0007AF1A /* Assets.xcassets */ = {isa = PBXFileReference; lastKnownFileType = folder.assetcatalog; path = Assets.xcassets; sourceTree = "<group>"; };
		B698BCCC29DB00DD0007AF1A /* Base */ = {isa = PBXFileReference; lastKnownFileType = file.storyboard; name = Base; path = Base.lproj/LaunchScreen.storyboard; sourceTree = "<group>"; };
		B698BCCE29DB00DD0007AF1A /* Info.plist */ = {isa = PBXFileReference; lastKnownFileType = text.plist.xml; path = Info.plist; sourceTree = "<group>"; };
		B698BCD329DB00DD0007AF1A /* my first ios appTests.xctest */ = {isa = PBXFileReference; explicitFileType = wrapper.cfbundle; includeInIndex = 0; path = "my first ios appTests.xctest"; sourceTree = BUILT_PRODUCTS_DIR; };
		B698BCD729DB00DD0007AF1A /* my_first_ios_appTests.swift */ = {isa = PBXFileReference; lastKnownFileType = sourcecode.swift; path = my_first_ios_appTests.swift; sourceTree = "<group>"; };
		B698BCDD29DB00DD0007AF1A /* my first ios appUITests.xctest */ = {isa = PBXFileReference; explicitFileType = wrapper.cfbundle; includeInIndex = 0; path = "my first ios appUITests.xctest"; sourceTree = BUILT_PRODUCTS_DIR; };
		B698BCE129DB00DD0007AF1A /* my_first_ios_appUITests.swift */ = {isa = PBXFileReference; lastKnownFileType = sourcecode.swift; path = my_first_ios_appUITests.swift; sourceTree = "<group>"; };
		B698BCE329DB00DD0007AF1A /* my_first_ios_appUITestsLaunchTests.swift */ = {isa = PBXFileReference; lastKnownFileType = sourcecode.swift; path = my_first_ios_appUITestsLaunchTests.swift; sourceTree = "<group>"; };
/* End PBXFileReference section */

/* Begin PBXFrameworksBuildPhase section */
		B698BCBA29DB00DB0007AF1A /* Frameworks */ = {
			isa = PBXFrameworksBuildPhase;
			buildActionMask = 2147483647;
			files = (
			);
			runOnlyForDeploymentPostprocessing = 0;
		};
		B698BCD029DB00DD0007AF1A /* Frameworks */ = {
			isa = PBXFrameworksBuildPhase;
			buildActionMask = 2147483647;
			files = (
			);
			runOnlyForDeploymentPostprocessing = 0;
		};
		B698BCDA29DB00DD0007AF1A /* Frameworks */ = {
			isa = PBXFrameworksBuildPhase;
			buildActionMask = 2147483647;
			files = (
			);
			runOnlyForDeploymentPostprocessing = 0;
		};
/* End PBXFrameworksBuildPhase section */

/* Begin PBXGroup section */
		B698BCB429DB00DB0007AF1A = {
			isa = PBXGroup;
			children = (
				B698BCBF29DB00DB0007AF1A /* my first ios app */,
				B698BCD629DB00DD0007AF1A /* my first ios appTests */,
				B698BCE029DB00DD0007AF1A /* my first ios appUITests */,
				B698BCBE29DB00DB0007AF1A /* Products */,
			);
			sourceTree = "<group>";
		};
		B698BCBE29DB00DB0007AF1A /* Products */ = {
			isa = PBXGroup;
			children = (
				B698BCBD29DB00DB0007AF1A /* my first ios app.app */,
				B698BCD329DB00DD0007AF1A /* my first ios appTests.xctest */,
				B698BCDD29DB00DD0007AF1A /* my first ios appUITests.xctest */,
			);
			name = Products;
			sourceTree = "<group>";
		};
		B698BCBF29DB00DB0007AF1A /* my first ios app */ = {
			isa = PBXGroup;
			children = (
				B698BCC029DB00DB0007AF1A /* AppDelegate.swift */,
				B698BCC229DB00DB0007AF1A /* SceneDelegate.swift */,
				B698BCC429DB00DB0007AF1A /* ViewController.swift */,
				B698BCC629DB00DC0007AF1A /* Main.storyboard */,
				B698BCC929DB00DD0007AF1A /* Assets.xcassets */,
				B698BCCB29DB00DD0007AF1A /* LaunchScreen.storyboard */,
				B698BCCE29DB00DD0007AF1A /* Info.plist */,
			);
			path = "my first ios app";
			sourceTree = "<group>";
		};
		B698BCD629DB00DD0007AF1A /* my first ios appTests */ = {
			isa = PBXGroup;
			children = (
				B698BCD729DB00DD0007AF1A /* my_first_ios_appTests.swift */,
			);
			path = "my first ios appTests";
			sourceTree = "<group>";
		};
		B698BCE029DB00DD0007AF1A /* my first ios appUITests */ = {
			isa = PBXGroup;
			children = (
				B698BCE129DB00DD0007AF1A /* my_first_ios_appUITests.swift */,
				B698BCE329DB00DD0007AF1A /* my_first_ios_appUITestsLaunchTests.swift */,
			);
			path = "my first ios appUITests";
			sourceTree = "<group>";
		};
/* End PBXGroup section */

/* Begin PBXNativeTarget section */
		B698BCBC29DB00DB0007AF1A /* my first ios app */ = {
			isa = PBXNativeTarget;
			buildConfigurationList = B698BCE729DB00DD0007AF1A /* Build configuration list for PBXNativeTarget "my first ios app" */;
			buildPhases = (
				B698BCB929DB00DB0007AF1A /* Sources */,
				B698BCBA29DB00DB0007AF1A /* Frameworks */,
				B698BCBB29DB00DB0007AF1A /* Resources */,
			);
			buildRules = (
			);
			dependencies = (
			);
			name = "my first ios app";
			productName = "my first ios app";
			productReference = B698BCBD29DB00DB0007AF1A /* my first ios app.app */;
			productType = "com.apple.product-type.application";
		};
		B698BCD229DB00DD0007AF1A /* my first ios appTests */ = {
			isa = PBXNativeTarget;
			buildConfigurationList = B698BCEA29DB00DD0007AF1A /* Build configuration list for PBXNativeTarget "my first ios appTests" */;
			buildPhases = (
				B698BCCF29DB00DD0007AF1A /* Sources */,
				B698BCD029DB00DD0007AF1A /* Frameworks */,
				B698BCD129DB00DD0007AF1A /* Resources */,
			);
			buildRules = (
			);
			dependencies = (
				B698BCD529DB00DD0007AF1A /* PBXTargetDependency */,
			);
			name = "my first ios appTests";
			productName = "my first ios appTests";
			productReference = B698BCD329DB00DD0007AF1A /* my first ios appTests.xctest */;
			productType = "com.apple.product-type.bundle.unit-test";
		};
		B698BCDC29DB00DD0007AF1A /* my first ios appUITests */ = {
			isa = PBXNativeTarget;
			buildConfigurationList = B698BCED29DB00DD0007AF1A /* Build configuration list for PBXNativeTarget "my first ios appUITests" */;
			buildPhases = (
				B698BCD929DB00DD0007AF1A /* Sources */,
				B698BCDA29DB00DD0007AF1A /* Frameworks */,
				B698BCDB29DB00DD0007AF1A /* Resources */,
			);
			buildRules = (
			);
			dependencies = (
				B698BCDF29DB00DD0007AF1A /* PBXTargetDependency */,
			);
			name = "my first ios appUITests";
			productName = "my first ios appUITests";
			productReference = B698BCDD29DB00DD0007AF1A /* my first ios appUITests.xctest */;
			productType = "com.apple.product-type.bundle.ui-testing";
		};
/* End PBXNativeTarget section */

/* Begin PBXProject section */
		B698BCB529DB00DB0007AF1A /* Project object */ = {
			isa = PBXProject;
			attributes = {
				BuildIndependentTargetsInParallel = 1;
				LastSwiftUpdateCheck = 1420;
				LastUpgradeCheck = 1420;
				TargetAttributes = {
					B698BCBC29DB00DB0007AF1A = {
						CreatedOnToolsVersion = 14.2;
					};
					B698BCD229DB00DD0007AF1A = {
						CreatedOnToolsVersion = 14.2;
						TestTargetID = B698BCBC29DB00DB0007AF1A;
					};
					B698BCDC29DB00DD0007AF1A = {
						CreatedOnToolsVersion = 14.2;
						TestTargetID = B698BCBC29DB00DB0007AF1A;
					};
				};
			};
			buildConfigurationList = B698BCB829DB00DB0007AF1A /* Build configuration list for PBXProject "my first ios app" */;
			compatibilityVersion = "Xcode 14.0";
			developmentRegion = en;
			hasScannedForEncodings = 0;
			knownRegions = (
				en,
				Base,
			);
			mainGroup = B698BCB429DB00DB0007AF1A;
			productRefGroup = B698BCBE29DB00DB0007AF1A /* Products */;
			projectDirPath = "";
			projectRoot = "";
			targets = (
				B698BCBC29DB00DB0007AF1A /* my first ios app */,
				B698BCD229DB00DD0007AF1A /* my first ios appTests */,
				B698BCDC29DB00DD0007AF1A /* my first ios appUITests */,
			);
		};
/* End PBXProject section */

/* Begin PBXResourcesBuildPhase section */
		B698BCBB29DB00DB0007AF1A /* Resources */ = {
			isa = PBXResourcesBuildPhase;
			buildActionMask = 2147483647;
			files = (
				B698BCCD29DB00DD0007AF1A /* LaunchScreen.storyboard in Resources */,
				B698BCCA29DB00DD0007AF1A /* Assets.xcassets in Resources */,
				B698BCC829DB00DC0007AF1A /* Main.storyboard in Resources */,
			);
			runOnlyForDeploymentPostprocessing = 0;
		};
		B698BCD129DB00DD0007AF1A /* Resources */ = {
			isa = PBXResourcesBuildPhase;
			buildActionMask = 2147483647;
			files = (
			);
			runOnlyForDeploymentPostprocessing = 0;
		};
		B698BCDB29DB00DD0007AF1A /* Resources */ = {
			isa = PBXResourcesBuildPhase;
			buildActionMask = 2147483647;
			files = (
			);
			runOnlyForDeploymentPostprocessing = 0;
		};
/* End PBXResourcesBuildPhase section */

/* Begin PBXSourcesBuildPhase section */
		B698BCB929DB00DB0007AF1A /* Sources */ = {
			isa = PBXSourcesBuildPhase;
			buildActionMask = 2147483647;
			files = (
				B698BCC529DB00DC0007AF1A /* ViewController.swift in Sources */,
				B698BCC129DB00DB0007AF1A /* AppDelegate.swift in Sources */,
				B698BCC329DB00DB0007AF1A /* SceneDelegate.swift in Sources */,
			);
			runOnlyForDeploymentPostprocessing = 0;
		};
		B698BCCF29DB00DD0007AF1A /* Sources */ = {
			isa = PBXSourcesBuildPhase;
			buildActionMask = 2147483647;
			files = (
				B698BCD829DB00DD0007AF1A /* my_first_ios_appTests.swift in Sources */,
			);
			runOnlyForDeploymentPostprocessing = 0;
		};
		B698BCD929DB00DD0007AF1A /* Sources */ = {
			isa = PBXSourcesBuildPhase;
			buildActionMask = 2147483647;
			files = (
				B698BCE229DB00DD0007AF1A /* my_first_ios_appUITests.swift in Sources */,
				B698BCE429DB00DD0007AF1A /* my_first_ios_appUITestsLaunchTests.swift in Sources */,
			);
			runOnlyForDeploymentPostprocessing = 0;
		};
/* End PBXSourcesBuildPhase section */

/* Begin PBXTargetDependency section */
		B698BCD529DB00DD0007AF1A /* PBXTargetDependency */ = {
			isa = PBXTargetDependency;
			target = B698BCBC29DB00DB0007AF1A /* my first ios app */;
			targetProxy = B698BCD429DB00DD0007AF1A /* PBXContainerItemProxy */;
		};
		B698BCDF29DB00DD0007AF1A /* PBXTargetDependency */ = {
			isa = PBXTargetDependency;
			target = B698BCBC29DB00DB0007AF1A /* my first ios app */;
			targetProxy = B698BCDE29DB00DD0007AF1A /* PBXContainerItemProxy */;
		};
/* End PBXTargetDependency section */

/* Begin PBXVariantGroup section */
		B698BCC629DB00DC0007AF1A /* Main.storyboard */ = {
			isa = PBXVariantGroup;
			children = (
				B698BCC729DB00DC0007AF1A /* Base */,
			);
			name = Main.storyboard;
			sourceTree = "<group>";
		};
		B698BCCB29DB00DD0007AF1A /* LaunchScreen.storyboard */ = {
			isa = PBXVariantGroup;
			children = (
				B698BCCC29DB00DD0007AF1A /* Base */,
			);
			name = LaunchScreen.storyboard;
			sourceTree = "<group>";
		};
/* End PBXVariantGroup section */

/* Begin XCBuildConfiguration section */
		B698BCE529DB00DD0007AF1A /* Debug */ = {
			isa = XCBuildConfiguration;
			buildSettings = {
				ALWAYS_SEARCH_USER_PATHS = NO;
				CLANG_ANALYZER_NONNULL = YES;
				CLANG_ANALYZER_NUMBER_OBJECT_CONVERSION = YES_AGGRESSIVE;
				CLANG_CXX_LANGUAGE_STANDARD = "gnu++20";
				CLANG_ENABLE_MODULES = YES;
				CLANG_ENABLE_OBJC_ARC = YES;
				CLANG_ENABLE_OBJC_WEAK = YES;
				CLANG_WARN_BLOCK_CAPTURE_AUTORELEASING = YES;
				CLANG_WARN_BOOL_CONVERSION = YES;
				CLANG_WARN_COMMA = YES;
				CLANG_WARN_CONSTANT_CONVERSION = YES;
				CLANG_WARN_DEPRECATED_OBJC_IMPLEMENTATIONS = YES;
				CLANG_WARN_DIRECT_OBJC_ISA_USAGE = YES_ERROR;
				CLANG_WARN_DOCUMENTATION_COMMENTS = YES;
				CLANG_WARN_EMPTY_BODY = YES;
				CLANG_WARN_ENUM_CONVERSION = YES;
				CLANG_WARN_INFINITE_RECURSION = YES;
				CLANG_WARN_INT_CONVERSION = YES;
				CLANG_WARN_NON_LITERAL_NULL_CONVERSION = YES;
				CLANG_WARN_OBJC_IMPLICIT_RETAIN_SELF = YES;
				CLANG_WARN_OBJC_LITERAL_CONVERSION = YES;
				CLANG_WARN_OBJC_ROOT_CLASS = YES_ERROR;
				CLANG_WARN_QUOTED_INCLUDE_IN_FRAMEWORK_HEADER = YES;
				CLANG_WARN_RANGE_LOOP_ANALYSIS = YES;
				CLANG_WARN_STRICT_PROTOTYPES = YES;
				CLANG_WARN_SUSPICIOUS_MOVE = YES;
				CLANG_WARN_UNGUARDED_AVAILABILITY = YES_AGGRESSIVE;
				CLANG_WARN_UNREACHABLE_CODE = YES;
				CLANG_WARN__DUPLICATE_METHOD_MATCH = YES;
				COPY_PHASE_STRIP = NO;
				DEBUG_INFORMATION_FORMAT = dwarf;
				ENABLE_STRICT_OBJC_MSGSEND = YES;
				ENABLE_TESTABILITY = YES;
				GCC_C_LANGUAGE_STANDARD = gnu11;
				GCC_DYNAMIC_NO_PIC = NO;
				GCC_NO_COMMON_BLOCKS = YES;
				GCC_OPTIMIZATION_LEVEL = 0;
				GCC_PREPROCESSOR_DEFINITIONS = (
					"DEBUG=1",
					"$(inherited)",
				);
				GCC_WARN_64_TO_32_BIT_CONVERSION = YES;
				GCC_WARN_ABOUT_RETURN_TYPE = YES_ERROR;
				GCC_WARN_UNDECLARED_SELECTOR = YES;
				GCC_WARN_UNINITIALIZED_AUTOS = YES_AGGRESSIVE;
				GCC_WARN_UNUSED_FUNCTION = YES;
				GCC_WARN_UNUSED_VARIABLE = YES;
				IPHONEOS_DEPLOYMENT_TARGET = 16.2;
				MTL_ENABLE_DEBUG_INFO = INCLUDE_SOURCE;
				MTL_FAST_MATH = YES;
				ONLY_ACTIVE_ARCH = YES;
				SDKROOT = iphoneos;
				SWIFT_ACTIVE_COMPILATION_CONDITIONS = DEBUG;
				SWIFT_OPTIMIZATION_LEVEL = "-Onone";
			};
			name = Debug;
		};
		B698BCE629DB00DD0007AF1A /* Release */ = {
			isa = XCBuildConfiguration;
			buildSettings = {
				ALWAYS_SEARCH_USER_PATHS = NO;
				CLANG_ANALYZER_NONNULL = YES;
				CLANG_ANALYZER_NUMBER_OBJECT_CONVERSION = YES_AGGRESSIVE;
				CLANG_CXX_LANGUAGE_STANDARD = "gnu++20";
				CLANG_ENABLE_MODULES = YES;
				CLANG_ENABLE_OBJC_ARC = YES;
				CLANG_ENABLE_OBJC_WEAK = YES;
				CLANG_WARN_BLOCK_CAPTURE_AUTORELEASING = YES;
				CLANG_WARN_BOOL_CONVERSION = YES;
				CLANG_WARN_COMMA = YES;
				CLANG_WARN_CONSTANT_CONVERSION = YES;
				CLANG_WARN_DEPRECATED_OBJC_IMPLEMENTATIONS = YES;
				CLANG_WARN_DIRECT_OBJC_ISA_USAGE = YES_ERROR;
				CLANG_WARN_DOCUMENTATION_COMMENTS = YES;
				CLANG_WARN_EMPTY_BODY = YES;
				CLANG_WARN_ENUM_CONVERSION = YES;
				CLANG_WARN_INFINITE_RECURSION = YES;
				CLANG_WARN_INT_CONVERSION = YES;
				CLANG_WARN_NON_LITERAL_NULL_CONVERSION = YES;
				CLANG_WARN_OBJC_IMPLICIT_RETAIN_SELF = YES;
				CLANG_WARN_OBJC_LITERAL_CONVERSION = YES;
				CLANG_WARN_OBJC_ROOT_CLASS = YES_ERROR;
				CLANG_WARN_QUOTED_INCLUDE_IN_FRAMEWORK_HEADER = YES;
				CLANG_WARN_RANGE_LOOP_ANALYSIS = YES;
				CLANG_WARN_STRICT_PROTOTYPES = YES;
				CLANG_WARN_SUSPICIOUS_MOVE = YES;
				CLANG_WARN_UNGUARDED_AVAILABILITY = YES_AGGRESSIVE;
				CLANG_WARN_UNREACHABLE_CODE = YES;
				CLANG_WARN__DUPLICATE_METHOD_MATCH = YES;
				COPY_PHASE_STRIP = NO;
				DEBUG_INFORMATION_FORMAT = "dwarf-with-dsym";
				ENABLE_NS_ASSERTIONS = NO;
				ENABLE_STRICT_OBJC_MSGSEND = YES;
				GCC_C_LANGUAGE_STANDARD = gnu11;
				GCC_NO_COMMON_BLOCKS = YES;
				GCC_WARN_64_TO_32_BIT_CONVERSION = YES;
				GCC_WARN_ABOUT_RETURN_TYPE = YES_ERROR;
				GCC_WARN_UNDECLARED_SELECTOR = YES;
				GCC_WARN_UNINITIALIZED_AUTOS = YES_AGGRESSIVE;
				GCC_WARN_UNUSED_FUNCTION = YES;
				GCC_WARN_UNUSED_VARIABLE = YES;
				IPHONEOS_DEPLOYMENT_TARGET = 16.2;
				MTL_ENABLE_DEBUG_INFO = NO;
				MTL_FAST_MATH = YES;
				SDKROOT = iphoneos;
				SWIFT_COMPILATION_MODE = wholemodule;
				SWIFT_OPTIMIZATION_LEVEL = "-O";
				VALIDATE_PRODUCT = YES;
			};
			name = Release;
		};
		B698BCE829DB00DD0007AF1A /* Debug */ = {
			isa = XCBuildConfiguration;
			buildSettings = {
				ASSETCATALOG_COMPILER_APPICON_NAME = AppIcon;
				ASSETCATALOG_COMPILER_GLOBAL_ACCENT_COLOR_NAME = AccentColor;
				CODE_SIGN_STYLE = Automatic;
				CURRENT_PROJECT_VERSION = 1;
				GENERATE_INFOPLIST_FILE = YES;
				INFOPLIST_FILE = "my first ios app/Info.plist";
				INFOPLIST_KEY_LSApplicationCategoryType = "public.app-category.education";
				INFOPLIST_KEY_UIApplicationSupportsIndirectInputEvents = YES;
				INFOPLIST_KEY_UILaunchStoryboardName = LaunchScreen;
				INFOPLIST_KEY_UIMainStoryboardFile = Main;
				INFOPLIST_KEY_UISupportedInterfaceOrientations_iPad = "UIInterfaceOrientationPortrait UIInterfaceOrientationPortraitUpsideDown UIInterfaceOrientationLandscapeLeft UIInterfaceOrientationLandscapeRight";
				INFOPLIST_KEY_UISupportedInterfaceOrientations_iPhone = "UIInterfaceOrientationPortrait UIInterfaceOrientationLandscapeLeft UIInterfaceOrientationLandscapeRight";
				IPHONEOS_DEPLOYMENT_TARGET = 14.2;
				LD_RUNPATH_SEARCH_PATHS = (
					"$(inherited)",
					"@executable_path/Frameworks",
				);
				MARKETING_VERSION = 1.0;
				PRODUCT_BUNDLE_IDENTIFIER = "com.sj.my-first-ios-app";
				PRODUCT_NAME = "$(TARGET_NAME)";
				SWIFT_EMIT_LOC_STRINGS = YES;
				SWIFT_VERSION = 5.0;
				TARGETED_DEVICE_FAMILY = "1,2";
			};
			name = Debug;
		};
		B698BCE929DB00DD0007AF1A /* Release */ = {
			isa = XCBuildConfiguration;
			buildSettings = {
				ASSETCATALOG_COMPILER_APPICON_NAME = AppIcon;
				ASSETCATALOG_COMPILER_GLOBAL_ACCENT_COLOR_NAME = AccentColor;
				CODE_SIGN_STYLE = Automatic;
				CURRENT_PROJECT_VERSION = 1;
				GENERATE_INFOPLIST_FILE = YES;
				INFOPLIST_FILE = "my first ios app/Info.plist";
				INFOPLIST_KEY_LSApplicationCategoryType = "public.app-category.education";
				INFOPLIST_KEY_UIApplicationSupportsIndirectInputEvents = YES;
				INFOPLIST_KEY_UILaunchStoryboardName = LaunchScreen;
				INFOPLIST_KEY_UIMainStoryboardFile = Main;
				INFOPLIST_KEY_UISupportedInterfaceOrientations_iPad = "UIInterfaceOrientationPortrait UIInterfaceOrientationPortraitUpsideDown UIInterfaceOrientationLandscapeLeft UIInterfaceOrientationLandscapeRight";
				INFOPLIST_KEY_UISupportedInterfaceOrientations_iPhone = "UIInterfaceOrientationPortrait UIInterfaceOrientationLandscapeLeft UIInterfaceOrientationLandscapeRight";
				IPHONEOS_DEPLOYMENT_TARGET = 14.2;
				LD_RUNPATH_SEARCH_PATHS = (
					"$(inherited)",
					"@executable_path/Frameworks",
				);
				MARKETING_VERSION = 1.0;
				PRODUCT_BUNDLE_IDENTIFIER = "com.sj.my-first-ios-app";
				PRODUCT_NAME = "$(TARGET_NAME)";
				SWIFT_EMIT_LOC_STRINGS = YES;
				SWIFT_VERSION = 5.0;
				TARGETED_DEVICE_FAMILY = "1,2";
			};
			name = Release;
		};
		B698BCEB29DB00DD0007AF1A /* Debug */ = {
			isa = XCBuildConfiguration;
			buildSettings = {
				ALWAYS_EMBED_SWIFT_STANDARD_LIBRARIES = YES;
				BUNDLE_LOADER = "$(TEST_HOST)";
				CODE_SIGN_STYLE = Automatic;
				CURRENT_PROJECT_VERSION = 1;
				GENERATE_INFOPLIST_FILE = YES;
				IPHONEOS_DEPLOYMENT_TARGET = 16.2;
				MARKETING_VERSION = 1.0;
				PRODUCT_BUNDLE_IDENTIFIER = "com.sj.my-first-ios-appTests";
				PRODUCT_NAME = "$(TARGET_NAME)";
				SWIFT_EMIT_LOC_STRINGS = NO;
				SWIFT_VERSION = 5.0;
				TARGETED_DEVICE_FAMILY = "1,2";
				TEST_HOST = "$(BUILT_PRODUCTS_DIR)/my first ios app.app/$(BUNDLE_EXECUTABLE_FOLDER_PATH)/my first ios app";
			};
			name = Debug;
		};
		B698BCEC29DB00DD0007AF1A /* Release */ = {
			isa = XCBuildConfiguration;
			buildSettings = {
				ALWAYS_EMBED_SWIFT_STANDARD_LIBRARIES = YES;
				BUNDLE_LOADER = "$(TEST_HOST)";
				CODE_SIGN_STYLE = Automatic;
				CURRENT_PROJECT_VERSION = 1;
				GENERATE_INFOPLIST_FILE = YES;
				IPHONEOS_DEPLOYMENT_TARGET = 16.2;
				MARKETING_VERSION = 1.0;
				PRODUCT_BUNDLE_IDENTIFIER = "com.sj.my-first-ios-appTests";
				PRODUCT_NAME = "$(TARGET_NAME)";
				SWIFT_EMIT_LOC_STRINGS = NO;
				SWIFT_VERSION = 5.0;
				TARGETED_DEVICE_FAMILY = "1,2";
				TEST_HOST = "$(BUILT_PRODUCTS_DIR)/my first ios app.app/$(BUNDLE_EXECUTABLE_FOLDER_PATH)/my first ios app";
			};
			name = Release;
		};
		B698BCEE29DB00DD0007AF1A /* Debug */ = {
			isa = XCBuildConfiguration;
			buildSettings = {
				ALWAYS_EMBED_SWIFT_STANDARD_LIBRARIES = YES;
				CODE_SIGN_STYLE = Automatic;
				CURRENT_PROJECT_VERSION = 1;
				GENERATE_INFOPLIST_FILE = YES;
				MARKETING_VERSION = 1.0;
				PRODUCT_BUNDLE_IDENTIFIER = "com.sj.my-first-ios-appUITests";
				PRODUCT_NAME = "$(TARGET_NAME)";
				SWIFT_EMIT_LOC_STRINGS = NO;
				SWIFT_VERSION = 5.0;
				TARGETED_DEVICE_FAMILY = "1,2";
				TEST_TARGET_NAME = "my first ios app";
			};
			name = Debug;
		};
		B698BCEF29DB00DD0007AF1A /* Release */ = {
			isa = XCBuildConfiguration;
			buildSettings = {
				ALWAYS_EMBED_SWIFT_STANDARD_LIBRARIES = YES;
				CODE_SIGN_STYLE = Automatic;
				CURRENT_PROJECT_VERSION = 1;
				GENERATE_INFOPLIST_FILE = YES;
				MARKETING_VERSION = 1.0;
				PRODUCT_BUNDLE_IDENTIFIER = "com.sj.my-first-ios-appUITests";
				PRODUCT_NAME = "$(TARGET_NAME)";
				SWIFT_EMIT_LOC_STRINGS = NO;
				SWIFT_VERSION = 5.0;
				TARGETED_DEVICE_FAMILY = "1,2";
				TEST_TARGET_NAME = "my first ios app";
			};
			name = Release;
		};
/* End XCBuildConfiguration section */

/* Begin XCConfigurationList section */
		B698BCB829DB00DB0007AF1A /* Build configuration list for PBXProject "my first ios app" */ = {
			isa = XCConfigurationList;
			buildConfigurations = (
				B698BCE529DB00DD0007AF1A /* Debug */,
				B698BCE629DB00DD0007AF1A /* Release */,
			);
			defaultConfigurationIsVisible = 0;
			defaultConfigurationName = Release;
		};
		B698BCE729DB00DD0007AF1A /* Build configuration list for PBXNativeTarget "my first ios app" */ = {
			isa = XCConfigurationList;
			buildConfigurations = (
				B698BCE829DB00DD0007AF1A /* Debug */,
				B698BCE929DB00DD0007AF1A /* Release */,
			);
			defaultConfigurationIsVisible = 0;
			defaultConfigurationName = Release;
		};
		B698BCEA29DB00DD0007AF1A /* Build configuration list for PBXNativeTarget "my first ios appTests" */ = {
			isa = XCConfigurationList;
			buildConfigurations = (
				B698BCEB29DB00DD0007AF1A /* Debug */,
				B698BCEC29DB00DD0007AF1A /* Release */,
			);
			defaultConfigurationIsVisible = 0;
			defaultConfigurationName = Release;
		};
		B698BCED29DB00DD0007AF1A /* Build configuration list for PBXNativeTarget "my first ios appUITests" */ = {
			isa = XCConfigurationList;
			buildConfigurations = (
				B698BCEE29DB00DD0007AF1A /* Debug */,
				B698BCEF29DB00DD0007AF1A /* Release */,
			);
			defaultConfigurationIsVisible = 0;
			defaultConfigurationName = Release;
		};
/* End XCConfigurationList section */
	};
	rootObject = B698BCB529DB00DB0007AF1A /* Project object */;
}
